
Microsoft Visual Studio Solution File, Format Version 12.00
# Visual Studio Version 17
VisualStudioVersion = 17.10.34916.146
MinimumVisualStudioVersion = 10.0.40219.1
Project("{FAE04EC0-301F-11D3-BF4B-00C04F79EFBC}") = "CronoManage", "CronoManage.csproj", "{C283BDA3-3E7E-4A64-A863-49E6143B1F47}"
EndProject
Global
	GlobalSection(SolutionConfigurationPlatforms) = preSolution
		Debug|Any CPU = Debug|Any CPU
		Release|Any CPU = Release|Any CPU
	EndGlobalSection
	GlobalSection(ProjectConfigurationPlatforms) = postSolution
		{C283BDA3-3E7E-4A64-A863-49E6143B1F47}.Debug|Any CPU.ActiveCfg = Debug|Any CPU
		{C283BDA3-3E7E-4A64-A863-49E6143B1F47}.Debug|Any CPU.Build.0 = Debug|Any CPU
		{C283BDA3-3E7E-4A64-A863-49E6143B1F47}.Release|Any CPU.ActiveCfg = Release|Any CPU
		{C283BDA3-3E7E-4A64-A863-49E6143B1F47}.Release|Any CPU.Build.0 = Release|Any CPU
	EndGlobalSection
	GlobalSection(SolutionProperties) = preSolution
		HideSolutionNode = FALSE
	EndGlobalSection
	GlobalSection(ExtensibilityGlobals) = postSolution
		SolutionGuid = {85408863-5624-4C27-88D4-9A4C3248471D}
	EndGlobalSection
EndGlobal
